
Microsoft Visual Studio Solution File, Format Version 12.00
# Visual Studio Version 17
VisualStudioVersion = 17.5.33516.290
MinimumVisualStudioVersion = 10.0.40219.1
Project("{FAE04EC0-301F-11D3-BF4B-00C04F79EFBC}") = "Farmasi.Basket.API", "Farmasi.Basket.API\Farmasi.Basket.API.csproj", "{15830EB8-D779-4C7E-A05F-33071ECD76B3}"
EndProject
Project("{FAE04EC0-301F-11D3-BF4B-00C04F79EFBC}") = "Farmasi.Basket.Services", "Farmasi.Basket.Services\Farmasi.Basket.Services.csproj", "{EA2697DE-3F86-4F01-AC8E-3CC5AC7B8F0B}"
EndProject
Project("{FAE04EC0-301F-11D3-BF4B-00C04F79EFBC}") = "Farmasi.Basket.Common", "Farmasi.Basket.Common\Farmasi.Basket.Common.csproj", "{3F81F9F4-A744-4341-82B7-686E82B29D61}"
EndProject
Project("{FAE04EC0-301F-11D3-BF4B-00C04F79EFBC}") = "Farmasi.Basket.Core", "Farmasi.Basket.Core\Farmasi.Basket.Core.csproj", "{C907BD7B-66EC-4F0A-B652-0F84110C0489}"
EndProject
Project("{FAE04EC0-301F-11D3-BF4B-00C04F79EFBC}") = "Farmasi.Basket.Data", "Farmasi.Basket.Data\Farmasi.Basket.Data.csproj", "{1B1E1C11-BDEC-464C-82BA-5815DC5EF168}"
EndProject
Project("{FAE04EC0-301F-11D3-BF4B-00C04F79EFBC}") = "Farmasi.Basket.Redis", "Farmasi.Basket.Redis\Farmasi.Basket.Redis.csproj", "{A930C5A4-CC38-4414-AB74-6D7BCDC92DF0}"
EndProject
Global
	GlobalSection(SolutionConfigurationPlatforms) = preSolution
		Debug|Any CPU = Debug|Any CPU
		Release|Any CPU = Release|Any CPU
	EndGlobalSection
	GlobalSection(ProjectConfigurationPlatforms) = postSolution
		{15830EB8-D779-4C7E-A05F-33071ECD76B3}.Debug|Any CPU.ActiveCfg = Debug|Any CPU
		{15830EB8-D779-4C7E-A05F-33071ECD76B3}.Debug|Any CPU.Build.0 = Debug|Any CPU
		{15830EB8-D779-4C7E-A05F-33071ECD76B3}.Release|Any CPU.ActiveCfg = Release|Any CPU
		{15830EB8-D779-4C7E-A05F-33071ECD76B3}.Release|Any CPU.Build.0 = Release|Any CPU
		{EA2697DE-3F86-4F01-AC8E-3CC5AC7B8F0B}.Debug|Any CPU.ActiveCfg = Debug|Any CPU
		{EA2697DE-3F86-4F01-AC8E-3CC5AC7B8F0B}.Debug|Any CPU.Build.0 = Debug|Any CPU
		{EA2697DE-3F86-4F01-AC8E-3CC5AC7B8F0B}.Release|Any CPU.ActiveCfg = Release|Any CPU
		{EA2697DE-3F86-4F01-AC8E-3CC5AC7B8F0B}.Release|Any CPU.Build.0 = Release|Any CPU
		{3F81F9F4-A744-4341-82B7-686E82B29D61}.Debug|Any CPU.ActiveCfg = Debug|Any CPU
		{3F81F9F4-A744-4341-82B7-686E82B29D61}.Debug|Any CPU.Build.0 = Debug|Any CPU
		{3F81F9F4-A744-4341-82B7-686E82B29D61}.Release|Any CPU.ActiveCfg = Release|Any CPU
		{3F81F9F4-A744-4341-82B7-686E82B29D61}.Release|Any CPU.Build.0 = Release|Any CPU
		{C907BD7B-66EC-4F0A-B652-0F84110C0489}.Debug|Any CPU.ActiveCfg = Debug|Any CPU
		{C907BD7B-66EC-4F0A-B652-0F84110C0489}.Debug|Any CPU.Build.0 = Debug|Any CPU
		{C907BD7B-66EC-4F0A-B652-0F84110C0489}.Release|Any CPU.ActiveCfg = Release|Any CPU
		{C907BD7B-66EC-4F0A-B652-0F84110C0489}.Release|Any CPU.Build.0 = Release|Any CPU
		{1B1E1C11-BDEC-464C-82BA-5815DC5EF168}.Debug|Any CPU.ActiveCfg = Debug|Any CPU
		{1B1E1C11-BDEC-464C-82BA-5815DC5EF168}.Debug|Any CPU.Build.0 = Debug|Any CPU
		{1B1E1C11-BDEC-464C-82BA-5815DC5EF168}.Release|Any CPU.ActiveCfg = Release|Any CPU
		{1B1E1C11-BDEC-464C-82BA-5815DC5EF168}.Release|Any CPU.Build.0 = Release|Any CPU
		{A930C5A4-CC38-4414-AB74-6D7BCDC92DF0}.Debug|Any CPU.ActiveCfg = Debug|Any CPU
		{A930C5A4-CC38-4414-AB74-6D7BCDC92DF0}.Debug|Any CPU.Build.0 = Debug|Any CPU
		{A930C5A4-CC38-4414-AB74-6D7BCDC92DF0}.Release|Any CPU.ActiveCfg = Release|Any CPU
		{A930C5A4-CC38-4414-AB74-6D7BCDC92DF0}.Release|Any CPU.Build.0 = Release|Any CPU
	EndGlobalSection
	GlobalSection(SolutionProperties) = preSolution
		HideSolutionNode = FALSE
	EndGlobalSection
	GlobalSection(ExtensibilityGlobals) = postSolution
		SolutionGuid = {ACB3B2F9-F639-4976-8186-B1404AF58E10}
	EndGlobalSection
EndGlobal
